
Microsoft Visual Studio Solution File, Format Version 12.00
# Visual Studio Version 17
VisualStudioVersion = 17.3.32901.215
MinimumVisualStudioVersion = 10.0.40219.1
Project("{FAE04EC0-301F-11D3-BF4B-00C04F79EFBC}") = "P", "P\P.csproj", "{ACA845F8-3AB0-4674-ADD2-585588C46BDB}"
EndProject
Global
	GlobalSection(SolutionConfigurationPlatforms) = preSolution
		Debug|Any CPU = Debug|Any CPU
		Release|Any CPU = Release|Any CPU
	EndGlobalSection
	GlobalSection(ProjectConfigurationPlatforms) = postSolution
		{ACA845F8-3AB0-4674-ADD2-585588C46BDB}.Debug|Any CPU.ActiveCfg = Debug|Any CPU
		{ACA845F8-3AB0-4674-ADD2-585588C46BDB}.Debug|Any CPU.Build.0 = Debug|Any CPU
		{ACA845F8-3AB0-4674-ADD2-585588C46BDB}.Release|Any CPU.ActiveCfg = Release|Any CPU
		{ACA845F8-3AB0-4674-ADD2-585588C46BDB}.Release|Any CPU.Build.0 = Release|Any CPU
	EndGlobalSection
	GlobalSection(SolutionProperties) = preSolution
		HideSolutionNode = FALSE
	EndGlobalSection
	GlobalSection(ExtensibilityGlobals) = postSolution
		SolutionGuid = {C0DA4F76-5234-484D-98DD-19735E9FDA4E}
	EndGlobalSection
EndGlobal
